# Code generated by scarb DO NOT EDIT.
version = 1

[[package]]
name = "arcade_factory"
version = "0.1.0"
dependencies = [
 "openzeppelin",
]

[[package]]
name = "openzeppelin"
version = "0.8.0-beta.0"
source = "git+https://github.com/OpenZeppelin/cairo-contracts.git?rev=7a7be63#7a7be63609dede42181f8dda24b954fef401f1cc"
